// !$*UTF8*$!
{
	archiveVersion = 1;
	classes = {
	};
	objectVersion = 46;
	objects = {

/* Begin PBXBuildFile section */
		3870294F1DE479500008D573 /* AppDelegate.swift in Sources */ = {isa = PBXBuildFile; fileRef = 3870294E1DE479500008D573 /* AppDelegate.swift */; };
		387029511DE479500008D573 /* ViewController.swift in Sources */ = {isa = PBXBuildFile; fileRef = 387029501DE479500008D573 /* ViewController.swift */; };
		387029541DE479500008D573 /* Main.storyboard in Resources */ = {isa = PBXBuildFile; fileRef = 387029521DE479500008D573 /* Main.storyboard */; };
		387029561DE479500008D573 /* Assets.xcassets in Resources */ = {isa = PBXBuildFile; fileRef = 387029551DE479500008D573 /* Assets.xcassets */; };
		387029591DE479500008D573 /* LaunchScreen.storyboard in Resources */ = {isa = PBXBuildFile; fileRef = 387029571DE479500008D573 /* LaunchScreen.storyboard */; };
		387029641DE479500008D573 /* banaanTests.swift in Sources */ = {isa = PBXBuildFile; fileRef = 387029631DE479500008D573 /* banaanTests.swift */; };
		3870296F1DE479500008D573 /* banaanUITests.swift in Sources */ = {isa = PBXBuildFile; fileRef = 3870296E1DE479500008D573 /* banaanUITests.swift */; };
/* End PBXBuildFile section */

/* Begin PBXContainerItemProxy section */
		387029601DE479500008D573 /* PBXContainerItemProxy */ = {
			isa = PBXContainerItemProxy;
			containerPortal = 387029431DE479500008D573 /* Project object */;
			proxyType = 1;
			remoteGlobalIDString = 3870294A1DE479500008D573;
			remoteInfo = "ios-test2";
		};
		3870296B1DE479500008D573 /* PBXContainerItemProxy */ = {
			isa = PBXContainerItemProxy;
			containerPortal = 387029431DE479500008D573 /* Project object */;
			proxyType = 1;
			remoteGlobalIDString = 3870294A1DE479500008D573;
			remoteInfo = "ios-test2";
		};
/* End PBXContainerItemProxy section */

/* Begin PBXFileReference section */
		3870294B1DE479500008D573 /* banaan.app */ = {isa = PBXFileReference; explicitFileType = wrapper.application; includeInIndex = 0; path = banaan.app; sourceTree = BUILT_PRODUCTS_DIR; };
		3870294E1DE479500008D573 /* AppDelegate.swift */ = {isa = PBXFileReference; lastKnownFileType = sourcecode.swift; path = AppDelegate.swift; sourceTree = "<group>"; };
		387029501DE479500008D573 /* ViewController.swift */ = {isa = PBXFileReference; lastKnownFileType = sourcecode.swift; path = ViewController.swift; sourceTree = "<group>"; };
		387029531DE479500008D573 /* Base */ = {isa = PBXFileReference; lastKnownFileType = file.storyboard; name = Base; path = Base.lproj/Main.storyboard; sourceTree = "<group>"; };
		387029551DE479500008D573 /* Assets.xcassets */ = {isa = PBXFileReference; lastKnownFileType = folder.assetcatalog; path = Assets.xcassets; sourceTree = "<group>"; };
		387029581DE479500008D573 /* Base */ = {isa = PBXFileReference; lastKnownFileType = file.storyboard; name = Base; path = Base.lproj/LaunchScreen.storyboard; sourceTree = "<group>"; };
		3870295A1DE479500008D573 /* Info.plist */ = {isa = PBXFileReference; lastKnownFileType = text.plist.xml; path = Info.plist; sourceTree = "<group>"; };
		3870295F1DE479500008D573 /* banaanTests.xctest */ = {isa = PBXFileReference; explicitFileType = wrapper.cfbundle; includeInIndex = 0; path = banaanTests.xctest; sourceTree = BUILT_PRODUCTS_DIR; };
		387029631DE479500008D573 /* banaanTests.swift */ = {isa = PBXFileReference; lastKnownFileType = sourcecode.swift; path = banaanTests.swift; sourceTree = "<group>"; };
		387029651DE479500008D573 /* Info.plist */ = {isa = PBXFileReference; lastKnownFileType = text.plist.xml; path = Info.plist; sourceTree = "<group>"; };
		3870296A1DE479500008D573 /* banaanUITests.xctest */ = {isa = PBXFileReference; explicitFileType = wrapper.cfbundle; includeInIndex = 0; path = banaanUITests.xctest; sourceTree = BUILT_PRODUCTS_DIR; };
		3870296E1DE479500008D573 /* banaanUITests.swift */ = {isa = PBXFileReference; lastKnownFileType = sourcecode.swift; path = banaanUITests.swift; sourceTree = "<group>"; };
		387029701DE479500008D573 /* Info.plist */ = {isa = PBXFileReference; lastKnownFileType = text.plist.xml; path = Info.plist; sourceTree = "<group>"; };
/* End PBXFileReference section */

/* Begin PBXFrameworksBuildPhase section */
		387029481DE479500008D573 /* Frameworks */ = {
			isa = PBXFrameworksBuildPhase;
			buildActionMask = 2147483647;
			files = (
			);
			runOnlyForDeploymentPostprocessing = 0;
		};
		3870295C1DE479500008D573 /* Frameworks */ = {
			isa = PBXFrameworksBuildPhase;
			buildActionMask = 2147483647;
			files = (
			);
			runOnlyForDeploymentPostprocessing = 0;
		};
		387029671DE479500008D573 /* Frameworks */ = {
			isa = PBXFrameworksBuildPhase;
			buildActionMask = 2147483647;
			files = (
			);
			runOnlyForDeploymentPostprocessing = 0;
		};
/* End PBXFrameworksBuildPhase section */

/* Begin PBXGroup section */
		387029421DE479500008D573 = {
			isa = PBXGroup;
			children = (
				3870294D1DE479500008D573 /* banaan */,
				387029621DE479500008D573 /* banaanTests */,
				3870296D1DE479500008D573 /* banaanUITests */,
				3870294C1DE479500008D573 /* Products */,
			);
			sourceTree = "<group>";
		};
		3870294C1DE479500008D573 /* Products */ = {
			isa = PBXGroup;
			children = (
				3870294B1DE479500008D573 /* banaan.app */,
				3870295F1DE479500008D573 /* banaanTests.xctest */,
				3870296A1DE479500008D573 /* banaanUITests.xctest */,
			);
			name = Products;
			sourceTree = "<group>";
		};
		3870294D1DE479500008D573 /* banaan */ = {
			isa = PBXGroup;
			children = (
				3870294E1DE479500008D573 /* AppDelegate.swift */,
				387029501DE479500008D573 /* ViewController.swift */,
				387029521DE479500008D573 /* Main.storyboard */,
				387029551DE479500008D573 /* Assets.xcassets */,
				387029571DE479500008D573 /* LaunchScreen.storyboard */,
				3870295A1DE479500008D573 /* Info.plist */,
			);
			name = banaan;
			path = "ios-test2";
			sourceTree = "<group>";
		};
		387029621DE479500008D573 /* banaanTests */ = {
			isa = PBXGroup;
			children = (
				387029631DE479500008D573 /* banaanTests.swift */,
				387029651DE479500008D573 /* Info.plist */,
			);
			name = banaanTests;
			path = "ios-test2Tests";
			sourceTree = "<group>";
		};
		3870296D1DE479500008D573 /* banaanUITests */ = {
			isa = PBXGroup;
			children = (
				3870296E1DE479500008D573 /* banaanUITests.swift */,
				387029701DE479500008D573 /* Info.plist */,
			);
			name = banaanUITests;
			path = "ios-test2UITests";
			sourceTree = "<group>";
		};
/* End PBXGroup section */

/* Begin PBXNativeTarget section */
		3870294A1DE479500008D573 /* banaan */ = {
			isa = PBXNativeTarget;
			buildConfigurationList = 387029731DE479500008D573 /* Build configuration list for PBXNativeTarget "banaan" */;
			buildPhases = (
				387029471DE479500008D573 /* Sources */,
				387029481DE479500008D573 /* Frameworks */,
				387029491DE479500008D573 /* Resources */,
			);
			buildRules = (
			);
			dependencies = (
			);
			name = banaan;
			productName = "ios-test2";
			productReference = 3870294B1DE479500008D573 /* banaan.app */;
			productType = "com.apple.product-type.application";
		};
		3870295E1DE479500008D573 /* banaanTests */ = {
			isa = PBXNativeTarget;
			buildConfigurationList = 387029761DE479500008D573 /* Build configuration list for PBXNativeTarget "banaanTests" */;
			buildPhases = (
				3870295B1DE479500008D573 /* Sources */,
				3870295C1DE479500008D573 /* Frameworks */,
				3870295D1DE479500008D573 /* Resources */,
			);
			buildRules = (
			);
			dependencies = (
				387029611DE479500008D573 /* PBXTargetDependency */,
			);
			name = banaanTests;
			productName = "ios-test2Tests";
			productReference = 3870295F1DE479500008D573 /* banaanTests.xctest */;
			productType = "com.apple.product-type.bundle.unit-test";
		};
		387029691DE479500008D573 /* banaanUITests */ = {
			isa = PBXNativeTarget;
			buildConfigurationList = 387029791DE479500008D573 /* Build configuration list for PBXNativeTarget "banaanUITests" */;
			buildPhases = (
				387029661DE479500008D573 /* Sources */,
				387029671DE479500008D573 /* Frameworks */,
				387029681DE479500008D573 /* Resources */,
			);
			buildRules = (
			);
			dependencies = (
				3870296C1DE479500008D573 /* PBXTargetDependency */,
			);
			name = banaanUITests;
			productName = "ios-test2UITests";
			productReference = 3870296A1DE479500008D573 /* banaanUITests.xctest */;
			productType = "com.apple.product-type.bundle.ui-testing";
		};
/* End PBXNativeTarget section */

/* Begin PBXProject section */
		387029431DE479500008D573 /* Project object */ = {
			isa = PBXProject;
			attributes = {
				LastSwiftUpdateCheck = 0810;
				LastUpgradeCheck = 0810;
				ORGANIZATIONNAME = GreenhouseCI;
				TargetAttributes = {
					3870294A1DE479500008D573 = {
						CreatedOnToolsVersion = 8.1;
						DevelopmentTeam = MPRGV3Y7Q4;
						ProvisioningStyle = Automatic;
					};
					3870295E1DE479500008D573 = {
						CreatedOnToolsVersion = 8.1;
						DevelopmentTeam = T44NESVEFN;
						ProvisioningStyle = Automatic;
						TestTargetID = 3870294A1DE479500008D573;
					};
					387029691DE479500008D573 = {
						CreatedOnToolsVersion = 8.1;
						DevelopmentTeam = T44NESVEFN;
						ProvisioningStyle = Automatic;
						TestTargetID = 3870294A1DE479500008D573;
					};
				};
			};
			buildConfigurationList = 387029461DE479500008D573 /* Build configuration list for PBXProject "banaan" */;
			compatibilityVersion = "Xcode 3.2";
			developmentRegion = English;
			hasScannedForEncodings = 0;
			knownRegions = (
				en,
				Base,
			);
			mainGroup = 387029421DE479500008D573;
			productRefGroup = 3870294C1DE479500008D573 /* Products */;
			projectDirPath = "";
			projectRoot = "";
			targets = (
				3870294A1DE479500008D573 /* banaan */,
				3870295E1DE479500008D573 /* banaanTests */,
				387029691DE479500008D573 /* banaanUITests */,
			);
		};
/* End PBXProject section */

/* Begin PBXResourcesBuildPhase section */
		387029491DE479500008D573 /* Resources */ = {
			isa = PBXResourcesBuildPhase;
			buildActionMask = 2147483647;
			files = (
				387029591DE479500008D573 /* LaunchScreen.storyboard in Resources */,
				387029561DE479500008D573 /* Assets.xcassets in Resources */,
				387029541DE479500008D573 /* Main.storyboard in Resources */,
			);
			runOnlyForDeploymentPostprocessing = 0;
		};
		3870295D1DE479500008D573 /* Resources */ = {
			isa = PBXResourcesBuildPhase;
			buildActionMask = 2147483647;
			files = (
			);
			runOnlyForDeploymentPostprocessing = 0;
		};
		387029681DE479500008D573 /* Resources */ = {
			isa = PBXResourcesBuildPhase;
			buildActionMask = 2147483647;
			files = (
			);
			runOnlyForDeploymentPostprocessing = 0;
		};
/* End PBXResourcesBuildPhase section */

/* Begin PBXSourcesBuildPhase section */
		387029471DE479500008D573 /* Sources */ = {
			isa = PBXSourcesBuildPhase;
			buildActionMask = 2147483647;
			files = (
				387029511DE479500008D573 /* ViewController.swift in Sources */,
				3870294F1DE479500008D573 /* AppDelegate.swift in Sources */,
			);
			runOnlyForDeploymentPostprocessing = 0;
		};
		3870295B1DE479500008D573 /* Sources */ = {
			isa = PBXSourcesBuildPhase;
			buildActionMask = 2147483647;
			files = (
				387029641DE479500008D573 /* banaanTests.swift in Sources */,
			);
			runOnlyForDeploymentPostprocessing = 0;
		};
		387029661DE479500008D573 /* Sources */ = {
			isa = PBXSourcesBuildPhase;
			buildActionMask = 2147483647;
			files = (
				3870296F1DE479500008D573 /* banaanUITests.swift in Sources */,
			);
			runOnlyForDeploymentPostprocessing = 0;
		};
/* End PBXSourcesBuildPhase section */

/* Begin PBXTargetDependency section */
		387029611DE479500008D573 /* PBXTargetDependency */ = {
			isa = PBXTargetDependency;
			target = 3870294A1DE479500008D573 /* banaan */;
			targetProxy = 387029601DE479500008D573 /* PBXContainerItemProxy */;
		};
		3870296C1DE479500008D573 /* PBXTargetDependency */ = {
			isa = PBXTargetDependency;
			target = 3870294A1DE479500008D573 /* banaan */;
			targetProxy = 3870296B1DE479500008D573 /* PBXContainerItemProxy */;
		};
/* End PBXTargetDependency section */

/* Begin PBXVariantGroup section */
		387029521DE479500008D573 /* Main.storyboard */ = {
			isa = PBXVariantGroup;
			children = (
				387029531DE479500008D573 /* Base */,
			);
			name = Main.storyboard;
			sourceTree = "<group>";
		};
		387029571DE479500008D573 /* LaunchScreen.storyboard */ = {
			isa = PBXVariantGroup;
			children = (
				387029581DE479500008D573 /* Base */,
			);
			name = LaunchScreen.storyboard;
			sourceTree = "<group>";
		};
/* End PBXVariantGroup section */

/* Begin XCBuildConfiguration section */
		387029711DE479500008D573 /* Debug */ = {
			isa = XCBuildConfiguration;
			buildSettings = {
				ALWAYS_SEARCH_USER_PATHS = NO;
				CLANG_ANALYZER_NONNULL = YES;
				CLANG_CXX_LANGUAGE_STANDARD = "gnu++0x";
				CLANG_CXX_LIBRARY = "libc++";
				CLANG_ENABLE_MODULES = YES;
				CLANG_ENABLE_OBJC_ARC = YES;
				CLANG_WARN_BOOL_CONVERSION = YES;
				CLANG_WARN_CONSTANT_CONVERSION = YES;
				CLANG_WARN_DIRECT_OBJC_ISA_USAGE = YES_ERROR;
				CLANG_WARN_DOCUMENTATION_COMMENTS = YES;
				CLANG_WARN_EMPTY_BODY = YES;
				CLANG_WARN_ENUM_CONVERSION = YES;
				CLANG_WARN_INFINITE_RECURSION = YES;
				CLANG_WARN_INT_CONVERSION = YES;
				CLANG_WARN_OBJC_ROOT_CLASS = YES_ERROR;
				CLANG_WARN_SUSPICIOUS_MOVES = YES;
				CLANG_WARN_UNREACHABLE_CODE = YES;
				CLANG_WARN__DUPLICATE_METHOD_MATCH = YES;
				"CODE_SIGN_IDENTITY[sdk=iphoneos*]" = "iPhone Developer";
				COPY_PHASE_STRIP = NO;
				DEBUG_INFORMATION_FORMAT = dwarf;
				ENABLE_STRICT_OBJC_MSGSEND = YES;
				ENABLE_TESTABILITY = YES;
				GCC_C_LANGUAGE_STANDARD = gnu99;
				GCC_DYNAMIC_NO_PIC = NO;
				GCC_NO_COMMON_BLOCKS = YES;
				GCC_OPTIMIZATION_LEVEL = 0;
				GCC_PREPROCESSOR_DEFINITIONS = (
					"DEBUG=1",
					"$(inherited)",
				);
				GCC_WARN_64_TO_32_BIT_CONVERSION = YES;
				GCC_WARN_ABOUT_RETURN_TYPE = YES_ERROR;
				GCC_WARN_UNDECLARED_SELECTOR = YES;
				GCC_WARN_UNINITIALIZED_AUTOS = YES_AGGRESSIVE;
				GCC_WARN_UNUSED_FUNCTION = YES;
				GCC_WARN_UNUSED_VARIABLE = YES;
				IPHONEOS_DEPLOYMENT_TARGET = 10.1;
				MTL_ENABLE_DEBUG_INFO = YES;
				ONLY_ACTIVE_ARCH = YES;
				SDKROOT = iphoneos;
				SWIFT_ACTIVE_COMPILATION_CONDITIONS = DEBUG;
				SWIFT_OPTIMIZATION_LEVEL = "-Onone";
				TARGETED_DEVICE_FAMILY = "1,2";
			};
			name = Debug;
		};
		387029721DE479500008D573 /* Release */ = {
			isa = XCBuildConfiguration;
			buildSettings = {
				ALWAYS_SEARCH_USER_PATHS = NO;
				CLANG_ANALYZER_NONNULL = YES;
				CLANG_CXX_LANGUAGE_STANDARD = "gnu++0x";
				CLANG_CXX_LIBRARY = "libc++";
				CLANG_ENABLE_MODULES = YES;
				CLANG_ENABLE_OBJC_ARC = YES;
				CLANG_WARN_BOOL_CONVERSION = YES;
				CLANG_WARN_CONSTANT_CONVERSION = YES;
				CLANG_WARN_DIRECT_OBJC_ISA_USAGE = YES_ERROR;
				CLANG_WARN_DOCUMENTATION_COMMENTS = YES;
				CLANG_WARN_EMPTY_BODY = YES;
				CLANG_WARN_ENUM_CONVERSION = YES;
				CLANG_WARN_INFINITE_RECURSION = YES;
				CLANG_WARN_INT_CONVERSION = YES;
				CLANG_WARN_OBJC_ROOT_CLASS = YES_ERROR;
				CLANG_WARN_SUSPICIOUS_MOVES = YES;
				CLANG_WARN_UNREACHABLE_CODE = YES;
				CLANG_WARN__DUPLICATE_METHOD_MATCH = YES;
				"CODE_SIGN_IDENTITY[sdk=iphoneos*]" = "iPhone Developer";
				COPY_PHASE_STRIP = NO;
				DEBUG_INFORMATION_FORMAT = "dwarf-with-dsym";
				ENABLE_NS_ASSERTIONS = NO;
				ENABLE_STRICT_OBJC_MSGSEND = YES;
				GCC_C_LANGUAGE_STANDARD = gnu99;
				GCC_NO_COMMON_BLOCKS = YES;
				GCC_WARN_64_TO_32_BIT_CONVERSION = YES;
				GCC_WARN_ABOUT_RETURN_TYPE = YES_ERROR;
				GCC_WARN_UNDECLARED_SELECTOR = YES;
				GCC_WARN_UNINITIALIZED_AUTOS = YES_AGGRESSIVE;
				GCC_WARN_UNUSED_FUNCTION = YES;
				GCC_WARN_UNUSED_VARIABLE = YES;
				IPHONEOS_DEPLOYMENT_TARGET = 10.1;
				MTL_ENABLE_DEBUG_INFO = NO;
				SDKROOT = iphoneos;
				SWIFT_OPTIMIZATION_LEVEL = "-Owholemodule";
				TARGETED_DEVICE_FAMILY = "1,2";
				VALIDATE_PRODUCT = YES;
			};
			name = Release;
		};
		387029741DE479500008D573 /* Debug */ = {
			isa = XCBuildConfiguration;
			buildSettings = {
				ASSETCATALOG_COMPILER_APPICON_NAME = AppIcon;
				DEVELOPMENT_TEAM = MPRGV3Y7Q4;
				INFOPLIST_FILE = "ios-test2/Info.plist";
				LD_RUNPATH_SEARCH_PATHS = "$(inherited) @executable_path/Frameworks";
				PRODUCT_BUNDLE_IDENTIFIER = io.nevercode.banaan;
				PRODUCT_NAME = "$(TARGET_NAME)";
				SWIFT_VERSION = 3.0;
			};
			name = Debug;
		};
		387029751DE479500008D573 /* Release */ = {
			isa = XCBuildConfiguration;
			buildSettings = {
				ASSETCATALOG_COMPILER_APPICON_NAME = AppIcon;
				DEVELOPMENT_TEAM = MPRGV3Y7Q4;
				INFOPLIST_FILE = "ios-test2/Info.plist";
				LD_RUNPATH_SEARCH_PATHS = "$(inherited) @executable_path/Frameworks";
				PRODUCT_BUNDLE_IDENTIFIER = io.nevercode.banaan;
				PRODUCT_NAME = "$(TARGET_NAME)";
				SWIFT_VERSION = 3.0;
			};
			name = Release;
		};
		387029771DE479500008D573 /* Debug */ = {
			isa = XCBuildConfiguration;
			buildSettings = {
				ALWAYS_EMBED_SWIFT_STANDARD_LIBRARIES = YES;
				BUNDLE_LOADER = "$(TEST_HOST)";
				DEVELOPMENT_TEAM = T44NESVEFN;
				INFOPLIST_FILE = "ios-test2Tests/Info.plist";
				LD_RUNPATH_SEARCH_PATHS = "$(inherited) @executable_path/Frameworks @loader_path/Frameworks";
				PRODUCT_BUNDLE_IDENTIFIER = "com.greenhouseci.ios-test2Tests";
				PRODUCT_NAME = "$(TARGET_NAME)";
				SWIFT_VERSION = 3.0;
				TEST_HOST = "$(BUILT_PRODUCTS_DIR)/banaan.app/banaan";
			};
			name = Debug;
		};
		387029781DE479500008D573 /* Release */ = {
			isa = XCBuildConfiguration;
			buildSettings = {
				ALWAYS_EMBED_SWIFT_STANDARD_LIBRARIES = YES;
				BUNDLE_LOADER = "$(TEST_HOST)";
				DEVELOPMENT_TEAM = T44NESVEFN;
				INFOPLIST_FILE = "ios-test2Tests/Info.plist";
				LD_RUNPATH_SEARCH_PATHS = "$(inherited) @executable_path/Frameworks @loader_path/Frameworks";
				PRODUCT_BUNDLE_IDENTIFIER = "com.greenhouseci.ios-test2Tests";
				PRODUCT_NAME = "$(TARGET_NAME)";
				SWIFT_VERSION = 3.0;
				TEST_HOST = "$(BUILT_PRODUCTS_DIR)/banaan.app/banaan";
			};
			name = Release;
		};
		3870297A1DE479500008D573 /* Debug */ = {
			isa = XCBuildConfiguration;
			buildSettings = {
				ALWAYS_EMBED_SWIFT_STANDARD_LIBRARIES = YES;
				DEVELOPMENT_TEAM = T44NESVEFN;
				INFOPLIST_FILE = "ios-test2UITests/Info.plist";
				LD_RUNPATH_SEARCH_PATHS = "$(inherited) @executable_path/Frameworks @loader_path/Frameworks";
				PRODUCT_BUNDLE_IDENTIFIER = "com.greenhouseci.ios-test2UITests";
				PRODUCT_NAME = "$(TARGET_NAME)";
				PROVISIONING_PROFILE = "";
				SWIFT_VERSION = 3.0;
				TEST_TARGET_NAME = banaan;
			};
			name = Debug;
		};
		3870297B1DE479500008D573 /* Release */ = {
			isa = XCBuildConfiguration;
			buildSettings = {
				ALWAYS_EMBED_SWIFT_STANDARD_LIBRARIES = YES;
				DEVELOPMENT_TEAM = T44NESVEFN;
				INFOPLIST_FILE = "ios-test2UITests/Info.plist";
				LD_RUNPATH_SEARCH_PATHS = "$(inherited) @executable_path/Frameworks @loader_path/Frameworks";
				PRODUCT_BUNDLE_IDENTIFIER = "com.greenhouseci.ios-test2UITests";
				PRODUCT_NAME = "$(TARGET_NAME)";
				PROVISIONING_PROFILE = "";
				SWIFT_VERSION = 3.0;
				TEST_TARGET_NAME = banaan;
			};
			name = Release;
		};
/* End XCBuildConfiguration section */

/* Begin XCConfigurationList section */
		387029461DE479500008D573 /* Build configuration list for PBXProject "banaan" */ = {
			isa = XCConfigurationList;
			buildConfigurations = (
				387029711DE479500008D573 /* Debug */,
				387029721DE479500008D573 /* Release */,
			);
			defaultConfigurationIsVisible = 0;
			defaultConfigurationName = Release;
		};
		387029731DE479500008D573 /* Build configuration list for PBXNativeTarget "banaan" */ = {
			isa = XCConfigurationList;
			buildConfigurations = (
				387029741DE479500008D573 /* Debug */,
				387029751DE479500008D573 /* Release */,
			);
			defaultConfigurationIsVisible = 0;
			defaultConfigurationName = Release;
		};
		387029761DE479500008D573 /* Build configuration list for PBXNativeTarget "banaanTests" */ = {
			isa = XCConfigurationList;
			buildConfigurations = (
				387029771DE479500008D573 /* Debug */,
				387029781DE479500008D573 /* Release */,
			);
			defaultConfigurationIsVisible = 0;
			defaultConfigurationName = Release;
		};
		387029791DE479500008D573 /* Build configuration list for PBXNativeTarget "banaanUITests" */ = {
			isa = XCConfigurationList;
			buildConfigurations = (
				3870297A1DE479500008D573 /* Debug */,
				3870297B1DE479500008D573 /* Release */,
			);
			defaultConfigurationIsVisible = 0;
			defaultConfigurationName = Release;
		};
/* End XCConfigurationList section */
	};
	rootObject = 387029431DE479500008D573 /* Project object */;
}
